// !$*UTF8*$!
{
	archiveVersion = 1;
	classes = {
	};
	objectVersion = 46;
	objects = {

/* Begin PBXBuildFile section */
		92A333CE19D4E510000BF03D /* AppDelegate.swift in Sources */ = {isa = PBXBuildFile; fileRef = 92A333CD19D4E510000BF03D /* AppDelegate.swift */; };
		92A333D019D4E510000BF03D /* ViewController.swift in Sources */ = {isa = PBXBuildFile; fileRef = 92A333CF19D4E510000BF03D /* ViewController.swift */; };
		92A333D319D4E510000BF03D /* Main.storyboard in Resources */ = {isa = PBXBuildFile; fileRef = 92A333D119D4E510000BF03D /* Main.storyboard */; };
		92A333D519D4E510000BF03D /* Images.xcassets in Resources */ = {isa = PBXBuildFile; fileRef = 92A333D419D4E510000BF03D /* Images.xcassets */; };
		92A333D819D4E510000BF03D /* LaunchScreen.xib in Resources */ = {isa = PBXBuildFile; fileRef = 92A333D619D4E510000BF03D /* LaunchScreen.xib */; };
		92A333E419D4E510000BF03D /* DemoAppTests.swift in Sources */ = {isa = PBXBuildFile; fileRef = 92A333E319D4E510000BF03D /* DemoAppTests.swift */; };
		92A333F919D4E5AA000BF03D /* Dollar.framework in Frameworks */ = {isa = PBXBuildFile; fileRef = 92A333F319D4E53B000BF03D /* Dollar.framework */; };
/* End PBXBuildFile section */

/* Begin PBXContainerItemProxy section */
		92A333DE19D4E510000BF03D /* PBXContainerItemProxy */ = {
			isa = PBXContainerItemProxy;
			containerPortal = 92A333C019D4E510000BF03D /* Project object */;
			proxyType = 1;
			remoteGlobalIDString = 92A333C719D4E510000BF03D;
			remoteInfo = DemoApp;
		};
		92A333F219D4E53B000BF03D /* PBXContainerItemProxy */ = {
			isa = PBXContainerItemProxy;
			containerPortal = 92A333ED19D4E53B000BF03D /* Dollar.xcodeproj */;
			proxyType = 2;
			remoteGlobalIDString = 92E0D03C19467C67002ACC3D;
			remoteInfo = Dollar;
		};
		92A333F419D4E53B000BF03D /* PBXContainerItemProxy */ = {
			isa = PBXContainerItemProxy;
			containerPortal = 92A333ED19D4E53B000BF03D /* Dollar.xcodeproj */;
			proxyType = 2;
			remoteGlobalIDString = 92E0D04719467C67002ACC3D;
			remoteInfo = DollarTests;
		};
/* End PBXContainerItemProxy section */

/* Begin PBXFileReference section */
		92A333C819D4E510000BF03D /* DemoApp.app */ = {isa = PBXFileReference; explicitFileType = wrapper.application; includeInIndex = 0; path = DemoApp.app; sourceTree = BUILT_PRODUCTS_DIR; };
		92A333CC19D4E510000BF03D /* Info.plist */ = {isa = PBXFileReference; lastKnownFileType = text.plist.xml; path = Info.plist; sourceTree = "<group>"; };
		92A333CD19D4E510000BF03D /* AppDelegate.swift */ = {isa = PBXFileReference; lastKnownFileType = sourcecode.swift; path = AppDelegate.swift; sourceTree = "<group>"; };
		92A333CF19D4E510000BF03D /* ViewController.swift */ = {isa = PBXFileReference; lastKnownFileType = sourcecode.swift; path = ViewController.swift; sourceTree = "<group>"; };
		92A333D219D4E510000BF03D /* Base */ = {isa = PBXFileReference; lastKnownFileType = file.storyboard; name = Base; path = Base.lproj/Main.storyboard; sourceTree = "<group>"; };
		92A333D419D4E510000BF03D /* Images.xcassets */ = {isa = PBXFileReference; lastKnownFileType = folder.assetcatalog; path = Images.xcassets; sourceTree = "<group>"; };
		92A333D719D4E510000BF03D /* Base */ = {isa = PBXFileReference; lastKnownFileType = file.xib; name = Base; path = Base.lproj/LaunchScreen.xib; sourceTree = "<group>"; };
		92A333DD19D4E510000BF03D /* DemoAppTests.xctest */ = {isa = PBXFileReference; explicitFileType = wrapper.cfbundle; includeInIndex = 0; path = DemoAppTests.xctest; sourceTree = BUILT_PRODUCTS_DIR; };
		92A333E219D4E510000BF03D /* Info.plist */ = {isa = PBXFileReference; lastKnownFileType = text.plist.xml; path = Info.plist; sourceTree = "<group>"; };
		92A333E319D4E510000BF03D /* DemoAppTests.swift */ = {isa = PBXFileReference; lastKnownFileType = sourcecode.swift; path = DemoAppTests.swift; sourceTree = "<group>"; };
		92A333ED19D4E53B000BF03D /* Dollar.xcodeproj */ = {isa = PBXFileReference; lastKnownFileType = "wrapper.pb-project"; name = Dollar.xcodeproj; path = ../Dollar/Dollar.xcodeproj; sourceTree = "<group>"; };
/* End PBXFileReference section */

/* Begin PBXFrameworksBuildPhase section */
		92A333C519D4E510000BF03D /* Frameworks */ = {
			isa = PBXFrameworksBuildPhase;
			buildActionMask = 2147483647;
			files = (
				92A333F919D4E5AA000BF03D /* Dollar.framework in Frameworks */,
			);
			runOnlyForDeploymentPostprocessing = 0;
		};
		92A333DA19D4E510000BF03D /* Frameworks */ = {
			isa = PBXFrameworksBuildPhase;
			buildActionMask = 2147483647;
			files = (
			);
			runOnlyForDeploymentPostprocessing = 0;
		};
/* End PBXFrameworksBuildPhase section */

/* Begin PBXGroup section */
		92A333BF19D4E510000BF03D = {
			isa = PBXGroup;
			children = (
				92A333ED19D4E53B000BF03D /* Dollar.xcodeproj */,
				92A333CA19D4E510000BF03D /* DemoApp */,
				92A333E019D4E510000BF03D /* DemoAppTests */,
				92A333C919D4E510000BF03D /* Products */,
			);
			sourceTree = "<group>";
		};
		92A333C919D4E510000BF03D /* Products */ = {
			isa = PBXGroup;
			children = (
				92A333C819D4E510000BF03D /* DemoApp.app */,
				92A333DD19D4E510000BF03D /* DemoAppTests.xctest */,
			);
			name = Products;
			sourceTree = "<group>";
		};
		92A333CA19D4E510000BF03D /* DemoApp */ = {
			isa = PBXGroup;
			children = (
				92A333CD19D4E510000BF03D /* AppDelegate.swift */,
				92A333CF19D4E510000BF03D /* ViewController.swift */,
				92A333D119D4E510000BF03D /* Main.storyboard */,
				92A333D419D4E510000BF03D /* Images.xcassets */,
				92A333D619D4E510000BF03D /* LaunchScreen.xib */,
				92A333CB19D4E510000BF03D /* Supporting Files */,
			);
			path = DemoApp;
			sourceTree = "<group>";
		};
		92A333CB19D4E510000BF03D /* Supporting Files */ = {
			isa = PBXGroup;
			children = (
				92A333CC19D4E510000BF03D /* Info.plist */,
			);
			name = "Supporting Files";
			sourceTree = "<group>";
		};
		92A333E019D4E510000BF03D /* DemoAppTests */ = {
			isa = PBXGroup;
			children = (
				92A333E319D4E510000BF03D /* DemoAppTests.swift */,
				92A333E119D4E510000BF03D /* Supporting Files */,
			);
			path = DemoAppTests;
			sourceTree = "<group>";
		};
		92A333E119D4E510000BF03D /* Supporting Files */ = {
			isa = PBXGroup;
			children = (
				92A333E219D4E510000BF03D /* Info.plist */,
			);
			name = "Supporting Files";
			sourceTree = "<group>";
		};
		92A333EE19D4E53B000BF03D /* Products */ = {
			isa = PBXGroup;
			children = (
				92A333F319D4E53B000BF03D /* Dollar.framework */,
				92A333F519D4E53B000BF03D /* DollarTests.xctest */,
			);
			name = Products;
			sourceTree = "<group>";
		};
/* End PBXGroup section */

/* Begin PBXNativeTarget section */
		92A333C719D4E510000BF03D /* DemoApp */ = {
			isa = PBXNativeTarget;
			buildConfigurationList = 92A333E719D4E510000BF03D /* Build configuration list for PBXNativeTarget "DemoApp" */;
			buildPhases = (
				92A333C419D4E510000BF03D /* Sources */,
				92A333C519D4E510000BF03D /* Frameworks */,
				92A333C619D4E510000BF03D /* Resources */,
			);
			buildRules = (
			);
			dependencies = (
			);
			name = DemoApp;
			productName = DemoApp;
			productReference = 92A333C819D4E510000BF03D /* DemoApp.app */;
			productType = "com.apple.product-type.application";
		};
		92A333DC19D4E510000BF03D /* DemoAppTests */ = {
			isa = PBXNativeTarget;
			buildConfigurationList = 92A333EA19D4E510000BF03D /* Build configuration list for PBXNativeTarget "DemoAppTests" */;
			buildPhases = (
				92A333D919D4E510000BF03D /* Sources */,
				92A333DA19D4E510000BF03D /* Frameworks */,
				92A333DB19D4E510000BF03D /* Resources */,
			);
			buildRules = (
			);
			dependencies = (
				92A333DF19D4E510000BF03D /* PBXTargetDependency */,
			);
			name = DemoAppTests;
			productName = DemoAppTests;
			productReference = 92A333DD19D4E510000BF03D /* DemoAppTests.xctest */;
			productType = "com.apple.product-type.bundle.unit-test";
		};
/* End PBXNativeTarget section */

/* Begin PBXProject section */
		92A333C019D4E510000BF03D /* Project object */ = {
			isa = PBXProject;
			attributes = {
				LastUpgradeCheck = 0600;
				ORGANIZATIONNAME = "Encore Dev Labs LLC";
				TargetAttributes = {
					92A333C719D4E510000BF03D = {
						CreatedOnToolsVersion = 6.0;
					};
					92A333DC19D4E510000BF03D = {
						CreatedOnToolsVersion = 6.0;
						TestTargetID = 92A333C719D4E510000BF03D;
					};
				};
			};
			buildConfigurationList = 92A333C319D4E510000BF03D /* Build configuration list for PBXProject "DemoApp" */;
			compatibilityVersion = "Xcode 3.2";
			developmentRegion = English;
			hasScannedForEncodings = 0;
			knownRegions = (
				en,
				Base,
			);
			mainGroup = 92A333BF19D4E510000BF03D;
			productRefGroup = 92A333C919D4E510000BF03D /* Products */;
			projectDirPath = "";
			projectReferences = (
				{
					ProductGroup = 92A333EE19D4E53B000BF03D /* Products */;
					ProjectRef = 92A333ED19D4E53B000BF03D /* Dollar.xcodeproj */;
				},
			);
			projectRoot = "";
			targets = (
				92A333C719D4E510000BF03D /* DemoApp */,
				92A333DC19D4E510000BF03D /* DemoAppTests */,
			);
		};
/* End PBXProject section */

/* Begin PBXReferenceProxy section */
		92A333F319D4E53B000BF03D /* Dollar.framework */ = {
			isa = PBXReferenceProxy;
			fileType = wrapper.framework;
			path = Dollar.framework;
			remoteRef = 92A333F219D4E53B000BF03D /* PBXContainerItemProxy */;
			sourceTree = BUILT_PRODUCTS_DIR;
		};
		92A333F519D4E53B000BF03D /* DollarTests.xctest */ = {
			isa = PBXReferenceProxy;
			fileType = wrapper.cfbundle;
			path = DollarTests.xctest;
			remoteRef = 92A333F419D4E53B000BF03D /* PBXContainerItemProxy */;
			sourceTree = BUILT_PRODUCTS_DIR;
		};
/* End PBXReferenceProxy section */

/* Begin PBXResourcesBuildPhase section */
		92A333C619D4E510000BF03D /* Resources */ = {
			isa = PBXResourcesBuildPhase;
			buildActionMask = 2147483647;
			files = (
				92A333D319D4E510000BF03D /* Main.storyboard in Resources */,
				92A333D819D4E510000BF03D /* LaunchScreen.xib in Resources */,
				92A333D519D4E510000BF03D /* Images.xcassets in Resources */,
			);
			runOnlyForDeploymentPostprocessing = 0;
		};
		92A333DB19D4E510000BF03D /* Resources */ = {
			isa = PBXResourcesBuildPhase;
			buildActionMask = 2147483647;
			files = (
			);
			runOnlyForDeploymentPostprocessing = 0;
		};
/* End PBXResourcesBuildPhase section */

/* Begin PBXSourcesBuildPhase section */
		92A333C419D4E510000BF03D /* Sources */ = {
			isa = PBXSourcesBuildPhase;
			buildActionMask = 2147483647;
			files = (
				92A333D019D4E510000BF03D /* ViewController.swift in Sources */,
				92A333CE19D4E510000BF03D /* AppDelegate.swift in Sources */,
			);
			runOnlyForDeploymentPostprocessing = 0;
		};
		92A333D919D4E510000BF03D /* Sources */ = {
			isa = PBXSourcesBuildPhase;
			buildActionMask = 2147483647;
			files = (
				92A333E419D4E510000BF03D /* DemoAppTests.swift in Sources */,
			);
			runOnlyForDeploymentPostprocessing = 0;
		};
/* End PBXSourcesBuildPhase section */

/* Begin PBXTargetDependency section */
		92A333DF19D4E510000BF03D /* PBXTargetDependency */ = {
			isa = PBXTargetDependency;
			target = 92A333C719D4E510000BF03D /* DemoApp */;
			targetProxy = 92A333DE19D4E510000BF03D /* PBXContainerItemProxy */;
		};
/* End PBXTargetDependency section */

/* Begin PBXVariantGroup section */
		92A333D119D4E510000BF03D /* Main.storyboard */ = {
			isa = PBXVariantGroup;
			children = (
				92A333D219D4E510000BF03D /* Base */,
			);
			name = Main.storyboard;
			sourceTree = "<group>";
		};
		92A333D619D4E510000BF03D /* LaunchScreen.xib */ = {
			isa = PBXVariantGroup;
			children = (
				92A333D719D4E510000BF03D /* Base */,
			);
			name = LaunchScreen.xib;
			sourceTree = "<group>";
		};
/* End PBXVariantGroup section */

/* Begin XCBuildConfiguration section */
		92A333E519D4E510000BF03D /* Debug */ = {
			isa = XCBuildConfiguration;
			buildSettings = {
				ALWAYS_SEARCH_USER_PATHS = NO;
				CLANG_CXX_LANGUAGE_STANDARD = "gnu++0x";
				CLANG_CXX_LIBRARY = "libc++";
				CLANG_ENABLE_MODULES = YES;
				CLANG_ENABLE_OBJC_ARC = YES;
				CLANG_WARN_BOOL_CONVERSION = YES;
				CLANG_WARN_CONSTANT_CONVERSION = YES;
				CLANG_WARN_DIRECT_OBJC_ISA_USAGE = YES_ERROR;
				CLANG_WARN_EMPTY_BODY = YES;
				CLANG_WARN_ENUM_CONVERSION = YES;
				CLANG_WARN_INT_CONVERSION = YES;
				CLANG_WARN_OBJC_ROOT_CLASS = YES_ERROR;
				CLANG_WARN_UNREACHABLE_CODE = YES;
				CLANG_WARN__DUPLICATE_METHOD_MATCH = YES;
				"CODE_SIGN_IDENTITY[sdk=iphoneos*]" = "iPhone Developer";
				COPY_PHASE_STRIP = NO;
				ENABLE_STRICT_OBJC_MSGSEND = YES;
				GCC_C_LANGUAGE_STANDARD = gnu99;
				GCC_DYNAMIC_NO_PIC = NO;
				GCC_OPTIMIZATION_LEVEL = 0;
				GCC_PREPROCESSOR_DEFINITIONS = (
					"DEBUG=1",
					"$(inherited)",
				);
				GCC_SYMBOLS_PRIVATE_EXTERN = NO;
				GCC_WARN_64_TO_32_BIT_CONVERSION = YES;
				GCC_WARN_ABOUT_RETURN_TYPE = YES_ERROR;
				GCC_WARN_UNDECLARED_SELECTOR = YES;
				GCC_WARN_UNINITIALIZED_AUTOS = YES_AGGRESSIVE;
				GCC_WARN_UNUSED_FUNCTION = YES;
				GCC_WARN_UNUSED_VARIABLE = YES;
				IPHONEOS_DEPLOYMENT_TARGET = 8.0;
				MTL_ENABLE_DEBUG_INFO = YES;
				ONLY_ACTIVE_ARCH = YES;
				SDKROOT = iphoneos;
				SWIFT_OPTIMIZATION_LEVEL = "-Onone";
			};
			name = Debug;
		};
		92A333E619D4E510000BF03D /* Release */ = {
			isa = XCBuildConfiguration;
			buildSettings = {
				ALWAYS_SEARCH_USER_PATHS = NO;
				CLANG_CXX_LANGUAGE_STANDARD = "gnu++0x";
				CLANG_CXX_LIBRARY = "libc++";
				CLANG_ENABLE_MODULES = YES;
				CLANG_ENABLE_OBJC_ARC = YES;
				CLANG_WARN_BOOL_CONVERSION = YES;
				CLANG_WARN_CONSTANT_CONVERSION = YES;
				CLANG_WARN_DIRECT_OBJC_ISA_USAGE = YES_ERROR;
				CLANG_WARN_EMPTY_BODY = YES;
				CLANG_WARN_ENUM_CONVERSION = YES;
				CLANG_WARN_INT_CONVERSION = YES;
				CLANG_WARN_OBJC_ROOT_CLASS = YES_ERROR;
				CLANG_WARN_UNREACHABLE_CODE = YES;
				CLANG_WARN__DUPLICATE_METHOD_MATCH = YES;
				"CODE_SIGN_IDENTITY[sdk=iphoneos*]" = "iPhone Developer";
				COPY_PHASE_STRIP = YES;
				ENABLE_NS_ASSERTIONS = NO;
				ENABLE_STRICT_OBJC_MSGSEND = YES;
				GCC_C_LANGUAGE_STANDARD = gnu99;
				GCC_WARN_64_TO_32_BIT_CONVERSION = YES;
				GCC_WARN_ABOUT_RETURN_TYPE = YES_ERROR;
				GCC_WARN_UNDECLARED_SELECTOR = YES;
				GCC_WARN_UNINITIALIZED_AUTOS = YES_AGGRESSIVE;
				GCC_WARN_UNUSED_FUNCTION = YES;
				GCC_WARN_UNUSED_VARIABLE = YES;
				IPHONEOS_DEPLOYMENT_TARGET = 8.0;
				MTL_ENABLE_DEBUG_INFO = NO;
				SDKROOT = iphoneos;
				VALIDATE_PRODUCT = YES;
			};
			name = Release;
		};
		92A333E819D4E510000BF03D /* Debug */ = {
			isa = XCBuildConfiguration;
			buildSettings = {
				ASSETCATALOG_COMPILER_APPICON_NAME = AppIcon;
				INFOPLIST_FILE = DemoApp/Info.plist;
				LD_RUNPATH_SEARCH_PATHS = "$(inherited) @executable_path/Frameworks";
				PRODUCT_NAME = "$(TARGET_NAME)";
			};
			name = Debug;
		};
		92A333E919D4E510000BF03D /* Release */ = {
			isa = XCBuildConfiguration;
			buildSettings = {
				ASSETCATALOG_COMPILER_APPICON_NAME = AppIcon;
				INFOPLIST_FILE = DemoApp/Info.plist;
				LD_RUNPATH_SEARCH_PATHS = "$(inherited) @executable_path/Frameworks";
				PRODUCT_NAME = "$(TARGET_NAME)";
			};
			name = Release;
		};
		92A333EB19D4E510000BF03D /* Debug */ = {
			isa = XCBuildConfiguration;
			buildSettings = {
				BUNDLE_LOADER = "$(TEST_HOST)";
				FRAMEWORK_SEARCH_PATHS = (
					"$(SDKROOT)/Developer/Library/Frameworks",
					"$(inherited)",
				);
				GCC_PREPROCESSOR_DEFINITIONS = (
					"DEBUG=1",
					"$(inherited)",
				);
				INFOPLIST_FILE = DemoAppTests/Info.plist;
				LD_RUNPATH_SEARCH_PATHS = "$(inherited) @executable_path/Frameworks @loader_path/Frameworks";
				PRODUCT_NAME = "$(TARGET_NAME)";
				TEST_HOST = "$(BUILT_PRODUCTS_DIR)/DemoApp.app/DemoApp";
			};
			name = Debug;
		};
		92A333EC19D4E510000BF03D /* Release */ = {
			isa = XCBuildConfiguration;
			buildSettings = {
				BUNDLE_LOADER = "$(TEST_HOST)";
				FRAMEWORK_SEARCH_PATHS = (
					"$(SDKROOT)/Developer/Library/Frameworks",
					"$(inherited)",
				);
				INFOPLIST_FILE = DemoAppTests/Info.plist;
				LD_RUNPATH_SEARCH_PATHS = "$(inherited) @executable_path/Frameworks @loader_path/Frameworks";
				PRODUCT_NAME = "$(TARGET_NAME)";
				TEST_HOST = "$(BUILT_PRODUCTS_DIR)/DemoApp.app/DemoApp";
			};
			name = Release;
		};
/* End XCBuildConfiguration section */

/* Begin XCConfigurationList section */
		92A333C319D4E510000BF03D /* Build configuration list for PBXProject "DemoApp" */ = {
			isa = XCConfigurationList;
			buildConfigurations = (
				92A333E519D4E510000BF03D /* Debug */,
				92A333E619D4E510000BF03D /* Release */,
			);
			defaultConfigurationIsVisible = 0;
			defaultConfigurationName = Release;
		};
		92A333E719D4E510000BF03D /* Build configuration list for PBXNativeTarget "DemoApp" */ = {
			isa = XCConfigurationList;
			buildConfigurations = (
				92A333E819D4E510000BF03D /* Debug */,
				92A333E919D4E510000BF03D /* Release */,
			);
			defaultConfigurationIsVisible = 0;
			defaultConfigurationName = Release;
		};
		92A333EA19D4E510000BF03D /* Build configuration list for PBXNativeTarget "DemoAppTests" */ = {
			isa = XCConfigurationList;
			buildConfigurations = (
				92A333EB19D4E510000BF03D /* Debug */,
				92A333EC19D4E510000BF03D /* Release */,
			);
			defaultConfigurationIsVisible = 0;
			defaultConfigurationName = Release;
		};
/* End XCConfigurationList section */
	};
	rootObject = 92A333C019D4E510000BF03D /* Project object */;
}
